
Microsoft Visual Studio Solution File, Format Version 12.00
# Visual Studio 15
VisualStudioVersion = 15.0.28307.1525
MinimumVisualStudioVersion = 10.0.40219.1
Project("{8BC9CEB8-8B4A-11D0-8D11-00A0C91BC942}") = "ADLXPybind", "ADLXPybind\ADLXPybind.vcxproj", "{01100560-1533-406B-B941-6BF02DAFB921}"
EndProject
Global
	GlobalSection(SolutionConfigurationPlatforms) = preSolution
		Debug|x64 = Debug|x64
		Debug|x86 = Debug|x86
		Release|x64 = Release|x64
		Release|x86 = Release|x86
	EndGlobalSection
	GlobalSection(ProjectConfigurationPlatforms) = postSolution
		{01100560-1533-406B-B941-6BF02DAFB921}.Debug|x64.ActiveCfg = Debug|x64
		{01100560-1533-406B-B941-6BF02DAFB921}.Debug|x64.Build.0 = Debug|x64
		{01100560-1533-406B-B941-6BF02DAFB921}.Debug|x86.ActiveCfg = Debug|Win32
		{01100560-1533-406B-B941-6BF02DAFB921}.Debug|x86.Build.0 = Debug|Win32
		{01100560-1533-406B-B941-6BF02DAFB921}.Release|x64.ActiveCfg = Release|x64
		{01100560-1533-406B-B941-6BF02DAFB921}.Release|x64.Build.0 = Release|x64
		{01100560-1533-406B-B941-6BF02DAFB921}.Release|x86.ActiveCfg = Release|Win32
		{01100560-1533-406B-B941-6BF02DAFB921}.Release|x86.Build.0 = Release|Win32
	EndGlobalSection
	GlobalSection(SolutionProperties) = preSolution
		HideSolutionNode = FALSE
	EndGlobalSection
	GlobalSection(ExtensibilityGlobals) = postSolution
		SolutionGuid = {E05CACEF-E117-44A2-A80C-2C815B1BAA38}
	EndGlobalSection
EndGlobal
