<?xml version="1.0" encoding="utf-8"?>
<Project ToolsVersion="4.0" xmlns="http://schemas.microsoft.com/developer/msbuild/2003">
  <ItemGroup>
    <Filter Include="Source Files">
      <UniqueIdentifier>{4FC737F1-C7A5-4376-A066-2A32D752A2FF}</UniqueIdentifier>
      <Extensions>cpp;c;cc;cxx;def;odl;idl;hpj;bat;asm;asmx</Extensions>
    </Filter>
    <Filter Include="Header Files">
      <UniqueIdentifier>{93995380-89BD-4b04-88EB-625FBE52EBFB}</UniqueIdentifier>
      <Extensions>h;hh;hpp;hxx;hm;inl;inc;ipp;xsd</Extensions>
    </Filter>
    <Filter Include="Resource Files">
      <UniqueIdentifier>{67DA6AB6-F800-4c08-8B7A-83BB121AAD01}</UniqueIdentifier>
      <Extensions>rc;ico;cur;bmp;dlg;rc2;rct;bin;rgs;gif;jpg;jpeg;jpe;resx;tiff;tif;png;wav;mfcribbon-ms</Extensions>
    </Filter>
  </ItemGroup>
  <ItemGroup>
    <ClInclude Include="pch.h">
      <Filter>Header Files</Filter>
    </ClInclude>
    <ClInclude Include="..\..\..\SDK\ADLXHelper\Windows\Cpp\ADLXHelper.h">
      <Filter>Header Files</Filter>
    </ClInclude>
    <ClInclude Include="CustomStructures.h">
      <Filter>Header Files</Filter>
    </ClInclude>
    <ClInclude Include="framework.h">
      <Filter>Header Files</Filter>
    </ClInclude>
    <ClInclude Include="bind_common.h">
      <Filter>Source Files</Filter>
    </ClInclude>
  </ItemGroup>
  <ItemGroup>
    <ClCompile Include="dllmain.cpp">
      <Filter>Source Files</Filter>
    </ClCompile>
    <ClCompile Include="pch.cpp">
      <Filter>Source Files</Filter>
    </ClCompile>
    <ClCompile Include="bind.cpp">
      <Filter>Source Files</Filter>
    </ClCompile>
    <ClCompile Include="PySystem.cpp">
      <Filter>Source Files</Filter>
    </ClCompile>
    <ClCompile Include="PyDisplayService.cpp">
      <Filter>Source Files</Filter>
    </ClCompile>
    <ClCompile Include="PyDisplay.cpp">
      <Filter>Source Files</Filter>
    </ClCompile>
    <ClCompile Include="PyDisplayChangeHandler.cpp">
      <Filter>Source Files</Filter>
    </ClCompile>
    <ClCompile Include="PyGPU.cpp">
      <Filter>Source Files</Filter>
    </ClCompile>
    <ClCompile Include="PyGPUTuningServices.cpp">
      <Filter>Source Files</Filter>
    </ClCompile>
    <ClCompile Include="PySystemMetricsSupport.cpp">
      <Filter>Source Files</Filter>
    </ClCompile>
    <ClCompile Include="PySystemMetrics.cpp">
      <Filter>Source Files</Filter>
    </ClCompile>
    <ClCompile Include="PyPerformanceMonitoringServices.cpp">
      <Filter>Source Files</Filter>
    </ClCompile>
    <ClCompile Include="PyDisplayListChangedListenerCallback.cpp">
      <Filter>Source Files</Filter>
    </ClCompile>
    <ClCompile Include="PyLogCallback.cpp">
      <Filter>Source Files</Filter>
    </ClCompile>
    <ClCompile Include="PyGPUMetrics.cpp">
      <Filter>Source Files</Filter>
    </ClCompile>
    <ClCompile Include="Py3DSettingsServices.cpp">
      <Filter>Source Files</Filter>
    </ClCompile>
    <ClCompile Include="Py3DSettingsChangedHandling.cpp">
      <Filter>Source Files</Filter>
    </ClCompile>
    <ClCompile Include="Py3DAnisotropicFiltering.cpp">
      <Filter>Source Files</Filter>
    </ClCompile>
    <ClCompile Include="Py3DAntiAliasing.cpp">
      <Filter>Source Files</Filter>
    </ClCompile>
    <ClCompile Include="Py3DAntiLag.cpp">
      <Filter>Source Files</Filter>
    </ClCompile>
    <ClCompile Include="Py3DBoost.cpp">
      <Filter>Source Files</Filter>
    </ClCompile>
    <ClCompile Include="Py3DChill.cpp">
      <Filter>Source Files</Filter>
    </ClCompile>
    <ClCompile Include="Py3DEnhancedSync.cpp">
      <Filter>Source Files</Filter>
    </ClCompile>
    <ClCompile Include="Py3DFrameRateTargetControl.cpp">
      <Filter>Source Files</Filter>
    </ClCompile>
    <ClCompile Include="Py3DImageSharpening.cpp">
      <Filter>Source Files</Filter>
    </ClCompile>
    <ClCompile Include="Py3DMorphologicalAntiAliasing.cpp">
      <Filter>Source Files</Filter>
    </ClCompile>
    <ClCompile Include="Py3DRadeonSuperResolution.cpp">
      <Filter>Source Files</Filter>
    </ClCompile>
    <ClCompile Include="Py3DResetShaderCache.cpp">
      <Filter>Source Files</Filter>
    </ClCompile>
    <ClCompile Include="Py3DTessellation.cpp">
      <Filter>Source Files</Filter>
    </ClCompile>
    <ClCompile Include="Py3DWaitForVerticalRefresh.cpp">
      <Filter>Source Files</Filter>
    </ClCompile>
    <ClCompile Include="PyDesktopServices.cpp">
      <Filter>Source Files</Filter>
    </ClCompile>
    <ClCompile Include="PyDesktopList.cpp">
      <Filter>Source Files</Filter>
    </ClCompile>
    <ClCompile Include="PyDesktop.cpp">
      <Filter>Source Files</Filter>
    </ClCompile>
    <ClCompile Include="PyEyefinityDesktop.cpp">
      <Filter>Source Files</Filter>
    </ClCompile>
    <ClCompile Include="PySimpleEyefinity.cpp">
      <Filter>Source Files</Filter>
    </ClCompile>
    <ClCompile Include="PyDisplay3DLUT.cpp">
      <Filter>Source Files</Filter>
    </ClCompile>
    <ClCompile Include="PyDisplayColorDepth.cpp">
      <Filter>Source Files</Filter>
    </ClCompile>
    <ClCompile Include="PyDep.cpp">
      <Filter>Source Files</Filter>
    </ClCompile>
    <ClCompile Include="PyDisplayCustomColor.cpp">
      <Filter>Source Files</Filter>
    </ClCompile>
    <ClCompile Include="PyDisplayGamma.cpp">
      <Filter>Source Files</Filter>
    </ClCompile>
    <ClCompile Include="PyDisplayGamut.cpp">
      <Filter>Source Files</Filter>
    </ClCompile>
    <ClCompile Include="PyDisplayCustomResolution.cpp">
      <Filter>Source Files</Filter>
    </ClCompile>
    <ClCompile Include="PyDisplayFreeSync.cpp">
      <Filter>Source Files</Filter>
    </ClCompile>
    <ClCompile Include="PyDisplayGPUScaling.cpp">
      <Filter>Source Files</Filter>
    </ClCompile>
    <ClCompile Include="PyDisplayIntegerScaling.cpp">
      <Filter>Source Files</Filter>
    </ClCompile>
    <ClCompile Include="PyDisplayPixelFormat.cpp">
      <Filter>Source Files</Filter>
    </ClCompile>
    <ClCompile Include="PyDisplayScalingMode.cpp">
      <Filter>Source Files</Filter>
    </ClCompile>
    <ClCompile Include="PyDisplayVariBright.cpp">
      <Filter>Source Files</Filter>
    </ClCompile>
    <ClCompile Include="PyDisplayVSR.cpp">
      <Filter>Source Files</Filter>
    </ClCompile>
    <ClCompile Include="PyGPUAutoTuning.cpp">
      <Filter>Source Files</Filter>
    </ClCompile>
    <ClCompile Include="PyGPUTuningChangedHandling.cpp">
      <Filter>Source Files</Filter>
    </ClCompile>
    <ClCompile Include="PyInterface.cpp">
      <Filter>Source Files</Filter>
    </ClCompile>
    <ClCompile Include="PyI2C.cpp">
      <Filter>Source Files</Filter>
    </ClCompile>
    <ClCompile Include="..\..\..\SDK\ADLXHelper\Windows\Cpp\ADLXHelper.cpp">
      <Filter>Source Files</Filter>
    </ClCompile>
    <ClCompile Include="..\..\..\SDK\Platform\Windows\WinAPIs.cpp">
      <Filter>Source Files</Filter>
    </ClCompile>
    <ClCompile Include="PyGPUsChangedHandling.cpp">
      <Filter>Source Files</Filter>
    </ClCompile>
    <ClCompile Include="PyGPUsEventListenerCallback.cpp">
      <Filter>Source Files</Filter>
    </ClCompile>
    <ClCompile Include="Py3DSettingsChangedListenerCallback.cpp">
      <Filter>Source Files</Filter>
    </ClCompile>
    <ClCompile Include="PyDesktopChangedHandling.cpp">
      <Filter>Source Files</Filter>
    </ClCompile>
    <ClCompile Include="PyDesktopListChangedListenerCallback.cpp">
      <Filter>Source Files</Filter>
    </ClCompile>
    <ClCompile Include="PyDisplay3DLUTChangedEvent.cpp">
      <Filter>Source Files</Filter>
    </ClCompile>
    <ClCompile Include="PyDisplay3DLUTChangedListenerCallback.cpp">
      <Filter>Source Files</Filter>
    </ClCompile>
    <ClCompile Include="PyDisplayHDCP.cpp">
      <Filter>Source Files</Filter>
    </ClCompile>
    <ClCompile Include="PyGPUAutoTuningCompleteListenerCallback.cpp">
      <Filter>Source Files</Filter>
    </ClCompile>
    <ClCompile Include="PyGPUAutoTuningCompleteEvent.cpp">
      <Filter>Source Files</Filter>
    </ClCompile>
    <ClCompile Include="PyGPUPresetTuning.cpp">
      <Filter>Source Files</Filter>
    </ClCompile>
    <ClCompile Include="PyGPUTuningChangedListenerCallback.cpp">
      <Filter>Source Files</Filter>
    </ClCompile>
    <ClCompile Include="PyGPUTuningChangedEvent.cpp">
      <Filter>Source Files</Filter>
    </ClCompile>
    <ClCompile Include="PyManualFanTuning.cpp">
      <Filter>Source Files</Filter>
    </ClCompile>
    <ClCompile Include="PyManualFanTuningState.cpp">
      <Filter>Source Files</Filter>
    </ClCompile>
    <ClCompile Include="PyManualFanTuningStateList.cpp">
      <Filter>Source Files</Filter>
    </ClCompile>
    <ClCompile Include="PyManualGraphicsTuning1.cpp">
      <Filter>Source Files</Filter>
    </ClCompile>
    <ClCompile Include="PyManualGraphicsTuning2.cpp">
      <Filter>Source Files</Filter>
    </ClCompile>
    <ClCompile Include="PyManualPowerTuning.cpp">
      <Filter>Source Files</Filter>
    </ClCompile>
    <ClCompile Include="PyManualTuningState.cpp">
      <Filter>Source Files</Filter>
    </ClCompile>
    <ClCompile Include="PyManualTuningStateList.cpp">
      <Filter>Source Files</Filter>
    </ClCompile>
    <ClCompile Include="PyManualVRAMTuning1.cpp">
      <Filter>Source Files</Filter>
    </ClCompile>
    <ClCompile Include="PyManualVRAMTuning2.cpp">
      <Filter>Source Files</Filter>
    </ClCompile>
    <ClCompile Include="PyMemoryTimingDescription.cpp">
      <Filter>Source Files</Filter>
    </ClCompile>
    <ClCompile Include="PyMemoryTimingDescriptionList.cpp">
      <Filter>Source Files</Filter>
    </ClCompile>
    <ClCompile Include="PyDisplayResolution.cpp">
      <Filter>Source Files</Filter>
    </ClCompile>
    <ClCompile Include="PyDisplayGamutChangedEvent.cpp">
      <Filter>Source Files</Filter>
    </ClCompile>
    <ClCompile Include="PyDisplayGamutChangedListenerCallback.cpp">
      <Filter>Source Files</Filter>
    </ClCompile>
    <ClCompile Include="PyDisplayGammaChangedListenerCallback.cpp">
      <Filter>Source Files</Filter>
    </ClCompile>
    <ClCompile Include="PyDisplayGammaChangedEvent.cpp">
      <Filter>Source Files</Filter>
    </ClCompile>
    <ClCompile Include="PyDisplaySettingsChangedListenerCallback.cpp">
      <Filter>Source Files</Filter>
    </ClCompile>
    <ClCompile Include="PyDisplaySettingsChangedEvent.cpp">
      <Filter>Source Files</Filter>
    </ClCompile>
    <ClCompile Include="PyIADLXList.cpp">
      <Filter>Source Files</Filter>
    </ClCompile>
    <ClCompile Include="PyGPUList.cpp">
      <Filter>Source Files</Filter>
    </ClCompile>
    <ClCompile Include="PyDisplayList.cpp">
      <Filter>Source Files</Filter>
    </ClCompile>
    <ClCompile Include="PyGPUMetricsSupport.cpp">
      <Filter>Source Files</Filter>
    </ClCompile>
    <ClCompile Include="PyFPS.cpp">
      <Filter>Source Files</Filter>
    </ClCompile>
    <ClCompile Include="PyIADLMapping.cpp">
      <Filter>Source Files</Filter>
    </ClCompile>
    <ClCompile Include="PyAllMetrics.cpp">
      <Filter>Source Files</Filter>
    </ClCompile>
    <ClCompile Include="PyChangedEvent.cpp">
      <Filter>Source Files</Filter>
    </ClCompile>
    <ClCompile Include="PyDisplayResolutionList.cpp">
      <Filter>Source Files</Filter>
    </ClCompile>
    <ClCompile Include="PyAllMetricsList.cpp">
      <Filter>Source Files</Filter>
    </ClCompile>
    <ClCompile Include="PyGPUMetricsList.cpp">
      <Filter>Source Files</Filter>
    </ClCompile>
    <ClCompile Include="PySystemMetricsList.cpp">
      <Filter>Source Files</Filter>
    </ClCompile>
    <ClCompile Include="PyFPSList.cpp">
      <Filter>Source Files</Filter>
    </ClCompile>
    <ClCompile Include="Py3DAMDFluidMotionFrames.cpp">
      <Filter>Source Files</Filter>
    </ClCompile>
    <ClCompile Include="PyApplication.cpp">
      <Filter>Source Files</Filter>
    </ClCompile>
    <ClCompile Include="PyApplicationList.cpp">
      <Filter>Source Files</Filter>
    </ClCompile>
    <ClCompile Include="PyDisplayBlanking.cpp">
      <Filter>Source Files</Filter>
    </ClCompile>
    <ClCompile Include="Py3DFSR.cpp">
      <Filter>Source Files</Filter>
    </ClCompile>
    <ClCompile Include="bind_3d_settings.cpp">
      <Filter>Source Files</Filter>
    </ClCompile>
    <ClCompile Include="bind_core.cpp">
      <Filter>Source Files</Filter>
    </ClCompile>
    <ClCompile Include="bind_desktop.cpp">
      <Filter>Source Files</Filter>
    </ClCompile>
    <ClCompile Include="bind_display.cpp">
      <Filter>Source Files</Filter>
    </ClCompile>
    <ClCompile Include="bind_enums.cpp">
      <Filter>Source Files</Filter>
    </ClCompile>
    <ClCompile Include="bind_gpu.cpp">
      <Filter>Source Files</Filter>
    </ClCompile>
    <ClCompile Include="bind_misc.cpp">
      <Filter>Source Files</Filter>
    </ClCompile>
    <ClCompile Include="bind_performance.cpp">
      <Filter>Source Files</Filter>
    </ClCompile>
    <ClCompile Include="bind_tuning.cpp">
      <Filter>Source Files</Filter>
    </ClCompile>
    <ClCompile Include="Py3DSettingsChangedEvent.cpp">
      <Filter>Source Files</Filter>
    </ClCompile>
    <ClCompile Include="PyDisplayConnectivityExperience.cpp">
      <Filter>Source Files</Filter>
    </ClCompile>
    <ClCompile Include="PyDisplayDynamicRefreshRateControl.cpp">
      <Filter>Source Files</Filter>
    </ClCompile>
    <ClCompile Include="PyDisplayFreeSyncColorAccuracy.cpp">
      <Filter>Source Files</Filter>
    </ClCompile>
    <ClCompile Include="bind_multimedia.cpp">
      <Filter>Source Files</Filter>
    </ClCompile>
    <ClCompile Include="bind_power_tuning.cpp">
      <Filter>Source Files</Filter>
    </ClCompile>
    <ClCompile Include="PyGPU2List.cpp">
      <Filter>Source Files</Filter>
    </ClCompile>
    <ClCompile Include="PyGPUAppsListChangedHandling.cpp">
      <Filter>Source Files</Filter>
    </ClCompile>
    <ClCompile Include="PyGPUAppsListEventListenerCallback.cpp">
      <Filter>Source Files</Filter>
    </ClCompile>
    <ClCompile Include="PyGPUConnectChangedEvent.cpp">
      <Filter>Source Files</Filter>
    </ClCompile>
    <ClCompile Include="PyGPUConnectChangedListenerCallback.cpp">
      <Filter>Source Files</Filter>
    </ClCompile>
    <ClCompile Include="PyGPUStressTestFinishedListenerCallback.cpp">
      <Filter>Source Files</Filter>
    </ClCompile>
    <ClCompile Include="PyMultimediaChangedEvent.cpp">
      <Filter>Source Files</Filter>
    </ClCompile>
    <ClCompile Include="PyMultimediaChangedHandling.cpp">
      <Filter>Source Files</Filter>
    </ClCompile>
    <ClCompile Include="PyMultimediaChangedListenerCallback.cpp">
      <Filter>Source Files</Filter>
    </ClCompile>
    <ClCompile Include="PyMultimediaServices.cpp">
      <Filter>Source Files</Filter>
    </ClCompile>
    <ClCompile Include="PyPowerTuningChangedEvent.cpp">
      <Filter>Source Files</Filter>
    </ClCompile>
    <ClCompile Include="PyPowerTuningChangedHandling.cpp">
      <Filter>Source Files</Filter>
    </ClCompile>
    <ClCompile Include="PyPowerTuningChangedListenerCallback.cpp">
      <Filter>Source Files</Filter>
    </ClCompile>
    <ClCompile Include="PyPowerTuningServices.cpp">
      <Filter>Source Files</Filter>
    </ClCompile>
    <ClCompile Include="PySmartAccessMemory.cpp">
      <Filter>Source Files</Filter>
    </ClCompile>
    <ClCompile Include="PySmartShiftEco.cpp">
      <Filter>Source Files</Filter>
    </ClCompile>
    <ClCompile Include="PySmartShiftMax.cpp">
      <Filter>Source Files</Filter>
    </ClCompile>
    <ClCompile Include="PyVariableGraphicsMemory.cpp">
      <Filter>Source Files</Filter>
    </ClCompile>
    <ClCompile Include="PyVariableGraphicsMemoryOption.cpp">
      <Filter>Source Files</Filter>
    </ClCompile>
    <ClCompile Include="PyVariableGraphicsMemoryOptionList.cpp">
      <Filter>Source Files</Filter>
    </ClCompile>
    <ClCompile Include="PyVideoSuperResolution.cpp">
      <Filter>Source Files</Filter>
    </ClCompile>
    <ClCompile Include="PyVideoUpscale.cpp">
      <Filter>Source Files</Filter>
    </ClCompile>
  </ItemGroup>
</Project>